
Microsoft Visual Studio Solution File, Format Version 12.00
# Visual Studio Version 17
VisualStudioVersion = 17.11.35222.181
MinimumVisualStudioVersion = 10.0.40219.1
Project("{9A19103F-16F7-4668-BE54-9A1E7A4F7556}") = "SavManagementApp", "SavManagementApp.csproj", "{090D9504-6D20-4C91-A7DC-09B92C08761C}"
EndProject
Global
	GlobalSection(SolutionConfigurationPlatforms) = preSolution
		Debug|Any CPU = Debug|Any CPU
		Release|Any CPU = Release|Any CPU
	EndGlobalSection
	GlobalSection(ProjectConfigurationPlatforms) = postSolution
		{090D9504-6D20-4C91-A7DC-09B92C08761C}.Debug|Any CPU.ActiveCfg = Debug|Any CPU
		{090D9504-6D20-4C91-A7DC-09B92C08761C}.Debug|Any CPU.Build.0 = Debug|Any CPU
		{090D9504-6D20-4C91-A7DC-09B92C08761C}.Release|Any CPU.ActiveCfg = Release|Any CPU
		{090D9504-6D20-4C91-A7DC-09B92C08761C}.Release|Any CPU.Build.0 = Release|Any CPU
	EndGlobalSection
	GlobalSection(SolutionProperties) = preSolution
		HideSolutionNode = FALSE
	EndGlobalSection
	GlobalSection(ExtensibilityGlobals) = postSolution
		SolutionGuid = {28446E0A-D067-492A-9ABE-ED033A0ED884}
	EndGlobalSection
EndGlobal
